
Microsoft Visual Studio Solution File, Format Version 12.00
# Visual Studio Version 16
VisualStudioVersion = 16.0.29926.136
MinimumVisualStudioVersion = 10.0.40219.1
Project("{2150E333-8FDC-42A3-9474-1A3956D46DE8}") = "src", "src", "{963A3060-46BA-4F6E-912C-9FAE64EE6F56}"
EndProject
Project("{9A19103F-16F7-4668-BE54-9A1E7A4F7556}") = "Inventory.Test", "tests\Inventory.Test\Inventory.Test.csproj", "{78C809FD-145F-480F-8EF1-34F2DCEDDD03}"
EndProject
Project("{2150E333-8FDC-42A3-9474-1A3956D46DE8}") = "tests", "tests", "{16E9E029-BBD5-4A3A-AEF5-37D1F92D97C2}"
EndProject
Project("{2150E333-8FDC-42A3-9474-1A3956D46DE8}") = "Common", "Common", "{E7089839-C048-473F-9F9D-9FED7B878DA6}"
EndProject
Project("{2150E333-8FDC-42A3-9474-1A3956D46DE8}") = "Inventory", "Inventory", "{483B637E-038A-40FF-A78F-25DEB9907968}"
EndProject
Project("{9A19103F-16F7-4668-BE54-9A1E7A4F7556}") = "Common.Framework", "src\Common\Common.Framework\Common.Framework.csproj", "{B5A8ABA6-F55D-4709-91D4-017B1962D12F}"
EndProject
Project("{9A19103F-16F7-4668-BE54-9A1E7A4F7556}") = "Common.Data", "src\Common\Common.Data\Common.Data.csproj", "{7BE97107-1D0D-4638-BA89-104D4B0B065D}"
EndProject
Project("{9A19103F-16F7-4668-BE54-9A1E7A4F7556}") = "Common.Test", "src\Common\Common.Test\Common.Test.csproj", "{B0B79194-1A04-4F03-8982-07D0CF135CCA}"
EndProject
Project("{9A19103F-16F7-4668-BE54-9A1E7A4F7556}") = "Common.Service", "src\Common\Common.Service\Common.Service.csproj", "{18118A13-A101-4105-95CC-E48FD447C93D}"
EndProject
Project("{9A19103F-16F7-4668-BE54-9A1E7A4F7556}") = "Common.Domain", "src\Common\Common.Domain\Common.Domain.csproj", "{C2B6A4DB-367B-47C2-B4DC-1F204CEDE363}"
EndProject
Project("{9A19103F-16F7-4668-BE54-9A1E7A4F7556}") = "Common.EventBus", "src\Common\Common.EventBus\Common.EventBus.csproj", "{A0CDD218-22AB-4083-B84E-3B1AA7698FA9}"
EndProject
Project("{9A19103F-16F7-4668-BE54-9A1E7A4F7556}") = "Common.Repository", "src\Common\Common.Repository\Common.Repository.csproj", "{6AF310B5-377F-4059-AA24-E7127D77B639}"
EndProject
Project("{9A19103F-16F7-4668-BE54-9A1E7A4F7556}") = "Common.EventBus.Interfaces", "src\Common\Common.EventBus.Interfaces\Common.EventBus.Interfaces.csproj", "{60F91C40-4C9A-4F4F-BB55-D386C9DB3A92}"
EndProject
Project("{9A19103F-16F7-4668-BE54-9A1E7A4F7556}") = "Common.Logging", "src\Common\Common.Logging\Common.Logging.csproj", "{A7718785-6A7E-4F88-8441-6968ABBE454A}"
EndProject
Project("{9A19103F-16F7-4668-BE54-9A1E7A4F7556}") = "Inventory.Data", "src\Inventory\Data\Inventory.Data\Inventory.Data.csproj", "{917DD606-FD70-45A5-AA4B-D343D16412EA}"
EndProject
Project("{9A19103F-16F7-4668-BE54-9A1E7A4F7556}") = "Inventory.WebApi", "src\Inventory\WebApi\Inventory.WebApi.csproj", "{399DFC8B-1D90-41EA-8F6C-658D2E1328BC}"
EndProject
Project("{9A19103F-16F7-4668-BE54-9A1E7A4F7556}") = "Inventory.Repositories", "src\Inventory\Repositories\Inventory.Repositories\Inventory.Repositories.csproj", "{881A1AA8-93F1-471F-91D1-5EC91E144C97}"
EndProject
Project("{9A19103F-16F7-4668-BE54-9A1E7A4F7556}") = "Inventory.Services", "src\Inventory\Services\Inventory.Services\Inventory.Services.csproj", "{2C7BE86C-E061-410F-BB55-B645FF59076A}"
EndProject
Project("{9A19103F-16F7-4668-BE54-9A1E7A4F7556}") = "Inventory.Models", "src\Inventory\Models\Inventory.Models\Inventory.Models.csproj", "{243AF1F2-370F-494D-B7F9-0899FB302097}"
EndProject
Project("{2150E333-8FDC-42A3-9474-1A3956D46DE8}") = "ApiGateway", "ApiGateway", "{A9A6D43F-12BA-4C4E-A448-4145E73CCFAD}"
EndProject
Project("{9A19103F-16F7-4668-BE54-9A1E7A4F7556}") = "ApiGateway.WebApi", "src\ApiGateway\ApiGateway.WebApi\ApiGateway.WebApi.csproj", "{CDEA3FC5-D775-4F28-B230-EE55FCE43C76}"
EndProject
Project("{2150E333-8FDC-42A3-9474-1A3956D46DE8}") = "AuthServer", "AuthServer", "{F33729DA-DC2C-4DC8-ADAB-621ED6A1C5CF}"
EndProject
Project("{9A19103F-16F7-4668-BE54-9A1E7A4F7556}") = "AuthServer.MVC", "src\AuthServer\AuthServer\AuthServer.MVC.csproj", "{DAABEE71-A330-4C2B-8DF7-A8094666E7A0}"
EndProject
Project("{9A19103F-16F7-4668-BE54-9A1E7A4F7556}") = "AuthServer.Common", "src\AuthServer\AuthServer.Common\AuthServer.Common.csproj", "{04E59B5D-67F1-4930-918E-778082F3D5D0}"
EndProject
Project("{9A19103F-16F7-4668-BE54-9A1E7A4F7556}") = "AuthServer.Data", "src\AuthServer\AuthServer.Data\AuthServer.Data.csproj", "{70A810F6-4A6B-476A-9AB5-02D8459DE96B}"
EndProject
Project("{9A19103F-16F7-4668-BE54-9A1E7A4F7556}") = "AuthServer.Services", "src\AuthServer\AuthServer.Services\AuthServer.Services.csproj", "{0AD87101-3315-4150-B281-4896B87739EC}"
EndProject
Project("{2150E333-8FDC-42A3-9474-1A3956D46DE8}") = "Places", "Places", "{8A6FA9F8-1613-4D80-9611-8CD597CDBAAC}"
EndProject
Project("{9A19103F-16F7-4668-BE54-9A1E7A4F7556}") = "Places.Data", "src\Places\Data\Places.Data\Places.Data.csproj", "{13F1E531-5536-4954-BE0C-8D1B0FF8BC11}"
EndProject
Project("{9A19103F-16F7-4668-BE54-9A1E7A4F7556}") = "Places.Models", "src\Places\Models\Places.Models\Places.Models.csproj", "{43B4AD72-4F62-40F3-8329-23A2B9280E4A}"
EndProject
Project("{9A19103F-16F7-4668-BE54-9A1E7A4F7556}") = "Places.Repositories", "src\Places\Repositories\Places.Repositories\Places.Repositories.csproj", "{189969E5-F090-46C9-9F2E-CF096A9A9628}"
EndProject
Project("{9A19103F-16F7-4668-BE54-9A1E7A4F7556}") = "Places.Services", "src\Places\Services\Places.Services\Places.Services.csproj", "{BDBB2416-850A-492D-8B48-2132C21D895C}"
EndProject
Project("{9A19103F-16F7-4668-BE54-9A1E7A4F7556}") = "Places.WebApi", "src\Places\WebApi\Places.WebApi\Places.WebApi.csproj", "{2BF341A8-5729-4CA0-8F2A-92C8EDEC7964}"
EndProject
Project("{FAE04EC0-301F-11D3-BF4B-00C04F79EFBC}") = "AuthServer.Models", "src\AuthServer\AuthServer.Models\AuthServer.Models\AuthServer.Models.csproj", "{F76D5914-4E39-4FCB-8A5D-029A9780DA65}"
EndProject
Global
	GlobalSection(SolutionConfigurationPlatforms) = preSolution
		Debug|Any CPU = Debug|Any CPU
		Release|Any CPU = Release|Any CPU
	EndGlobalSection
	GlobalSection(ProjectConfigurationPlatforms) = postSolution
		{78C809FD-145F-480F-8EF1-34F2DCEDDD03}.Debug|Any CPU.ActiveCfg = Debug|Any CPU
		{78C809FD-145F-480F-8EF1-34F2DCEDDD03}.Debug|Any CPU.Build.0 = Debug|Any CPU
		{78C809FD-145F-480F-8EF1-34F2DCEDDD03}.Release|Any CPU.ActiveCfg = Release|Any CPU
		{78C809FD-145F-480F-8EF1-34F2DCEDDD03}.Release|Any CPU.Build.0 = Release|Any CPU
		{B5A8ABA6-F55D-4709-91D4-017B1962D12F}.Debug|Any CPU.ActiveCfg = Debug|Any CPU
		{B5A8ABA6-F55D-4709-91D4-017B1962D12F}.Debug|Any CPU.Build.0 = Debug|Any CPU
		{B5A8ABA6-F55D-4709-91D4-017B1962D12F}.Release|Any CPU.ActiveCfg = Release|Any CPU
		{B5A8ABA6-F55D-4709-91D4-017B1962D12F}.Release|Any CPU.Build.0 = Release|Any CPU
		{7BE97107-1D0D-4638-BA89-104D4B0B065D}.Debug|Any CPU.ActiveCfg = Debug|Any CPU
		{7BE97107-1D0D-4638-BA89-104D4B0B065D}.Debug|Any CPU.Build.0 = Debug|Any CPU
		{7BE97107-1D0D-4638-BA89-104D4B0B065D}.Release|Any CPU.ActiveCfg = Release|Any CPU
		{7BE97107-1D0D-4638-BA89-104D4B0B065D}.Release|Any CPU.Build.0 = Release|Any CPU
		{B0B79194-1A04-4F03-8982-07D0CF135CCA}.Debug|Any CPU.ActiveCfg = Debug|Any CPU
		{B0B79194-1A04-4F03-8982-07D0CF135CCA}.Debug|Any CPU.Build.0 = Debug|Any CPU
		{B0B79194-1A04-4F03-8982-07D0CF135CCA}.Release|Any CPU.ActiveCfg = Release|Any CPU
		{B0B79194-1A04-4F03-8982-07D0CF135CCA}.Release|Any CPU.Build.0 = Release|Any CPU
		{18118A13-A101-4105-95CC-E48FD447C93D}.Debug|Any CPU.ActiveCfg = Debug|Any CPU
		{18118A13-A101-4105-95CC-E48FD447C93D}.Debug|Any CPU.Build.0 = Debug|Any CPU
		{18118A13-A101-4105-95CC-E48FD447C93D}.Release|Any CPU.ActiveCfg = Release|Any CPU
		{18118A13-A101-4105-95CC-E48FD447C93D}.Release|Any CPU.Build.0 = Release|Any CPU
		{C2B6A4DB-367B-47C2-B4DC-1F204CEDE363}.Debug|Any CPU.ActiveCfg = Debug|Any CPU
		{C2B6A4DB-367B-47C2-B4DC-1F204CEDE363}.Debug|Any CPU.Build.0 = Debug|Any CPU
		{C2B6A4DB-367B-47C2-B4DC-1F204CEDE363}.Release|Any CPU.ActiveCfg = Release|Any CPU
		{C2B6A4DB-367B-47C2-B4DC-1F204CEDE363}.Release|Any CPU.Build.0 = Release|Any CPU
		{A0CDD218-22AB-4083-B84E-3B1AA7698FA9}.Debug|Any CPU.ActiveCfg = Debug|Any CPU
		{A0CDD218-22AB-4083-B84E-3B1AA7698FA9}.Debug|Any CPU.Build.0 = Debug|Any CPU
		{A0CDD218-22AB-4083-B84E-3B1AA7698FA9}.Release|Any CPU.ActiveCfg = Release|Any CPU
		{A0CDD218-22AB-4083-B84E-3B1AA7698FA9}.Release|Any CPU.Build.0 = Release|Any CPU
		{6AF310B5-377F-4059-AA24-E7127D77B639}.Debug|Any CPU.ActiveCfg = Debug|Any CPU
		{6AF310B5-377F-4059-AA24-E7127D77B639}.Debug|Any CPU.Build.0 = Debug|Any CPU
		{6AF310B5-377F-4059-AA24-E7127D77B639}.Release|Any CPU.ActiveCfg = Release|Any CPU
		{6AF310B5-377F-4059-AA24-E7127D77B639}.Release|Any CPU.Build.0 = Release|Any CPU
		{60F91C40-4C9A-4F4F-BB55-D386C9DB3A92}.Debug|Any CPU.ActiveCfg = Debug|Any CPU
		{60F91C40-4C9A-4F4F-BB55-D386C9DB3A92}.Debug|Any CPU.Build.0 = Debug|Any CPU
		{60F91C40-4C9A-4F4F-BB55-D386C9DB3A92}.Release|Any CPU.ActiveCfg = Release|Any CPU
		{60F91C40-4C9A-4F4F-BB55-D386C9DB3A92}.Release|Any CPU.Build.0 = Release|Any CPU
		{A7718785-6A7E-4F88-8441-6968ABBE454A}.Debug|Any CPU.ActiveCfg = Debug|Any CPU
		{A7718785-6A7E-4F88-8441-6968ABBE454A}.Debug|Any CPU.Build.0 = Debug|Any CPU
		{A7718785-6A7E-4F88-8441-6968ABBE454A}.Release|Any CPU.ActiveCfg = Release|Any CPU
		{A7718785-6A7E-4F88-8441-6968ABBE454A}.Release|Any CPU.Build.0 = Release|Any CPU
		{917DD606-FD70-45A5-AA4B-D343D16412EA}.Debug|Any CPU.ActiveCfg = Debug|Any CPU
		{917DD606-FD70-45A5-AA4B-D343D16412EA}.Debug|Any CPU.Build.0 = Debug|Any CPU
		{917DD606-FD70-45A5-AA4B-D343D16412EA}.Release|Any CPU.ActiveCfg = Release|Any CPU
		{917DD606-FD70-45A5-AA4B-D343D16412EA}.Release|Any CPU.Build.0 = Release|Any CPU
		{399DFC8B-1D90-41EA-8F6C-658D2E1328BC}.Debug|Any CPU.ActiveCfg = Debug|Any CPU
		{399DFC8B-1D90-41EA-8F6C-658D2E1328BC}.Debug|Any CPU.Build.0 = Debug|Any CPU
		{399DFC8B-1D90-41EA-8F6C-658D2E1328BC}.Release|Any CPU.ActiveCfg = Release|Any CPU
		{399DFC8B-1D90-41EA-8F6C-658D2E1328BC}.Release|Any CPU.Build.0 = Release|Any CPU
		{881A1AA8-93F1-471F-91D1-5EC91E144C97}.Debug|Any CPU.ActiveCfg = Debug|Any CPU
		{881A1AA8-93F1-471F-91D1-5EC91E144C97}.Debug|Any CPU.Build.0 = Debug|Any CPU
		{881A1AA8-93F1-471F-91D1-5EC91E144C97}.Release|Any CPU.ActiveCfg = Release|Any CPU
		{881A1AA8-93F1-471F-91D1-5EC91E144C97}.Release|Any CPU.Build.0 = Release|Any CPU
		{2C7BE86C-E061-410F-BB55-B645FF59076A}.Debug|Any CPU.ActiveCfg = Debug|Any CPU
		{2C7BE86C-E061-410F-BB55-B645FF59076A}.Debug|Any CPU.Build.0 = Debug|Any CPU
		{2C7BE86C-E061-410F-BB55-B645FF59076A}.Release|Any CPU.ActiveCfg = Release|Any CPU
		{2C7BE86C-E061-410F-BB55-B645FF59076A}.Release|Any CPU.Build.0 = Release|Any CPU
		{243AF1F2-370F-494D-B7F9-0899FB302097}.Debug|Any CPU.ActiveCfg = Debug|Any CPU
		{243AF1F2-370F-494D-B7F9-0899FB302097}.Debug|Any CPU.Build.0 = Debug|Any CPU
		{243AF1F2-370F-494D-B7F9-0899FB302097}.Release|Any CPU.ActiveCfg = Release|Any CPU
		{243AF1F2-370F-494D-B7F9-0899FB302097}.Release|Any CPU.Build.0 = Release|Any CPU
		{CDEA3FC5-D775-4F28-B230-EE55FCE43C76}.Debug|Any CPU.ActiveCfg = Debug|Any CPU
		{CDEA3FC5-D775-4F28-B230-EE55FCE43C76}.Debug|Any CPU.Build.0 = Debug|Any CPU
		{CDEA3FC5-D775-4F28-B230-EE55FCE43C76}.Release|Any CPU.ActiveCfg = Release|Any CPU
		{CDEA3FC5-D775-4F28-B230-EE55FCE43C76}.Release|Any CPU.Build.0 = Release|Any CPU
		{DAABEE71-A330-4C2B-8DF7-A8094666E7A0}.Debug|Any CPU.ActiveCfg = Debug|Any CPU
		{DAABEE71-A330-4C2B-8DF7-A8094666E7A0}.Debug|Any CPU.Build.0 = Debug|Any CPU
		{DAABEE71-A330-4C2B-8DF7-A8094666E7A0}.Release|Any CPU.ActiveCfg = Release|Any CPU
		{DAABEE71-A330-4C2B-8DF7-A8094666E7A0}.Release|Any CPU.Build.0 = Release|Any CPU
		{04E59B5D-67F1-4930-918E-778082F3D5D0}.Debug|Any CPU.ActiveCfg = Debug|Any CPU
		{04E59B5D-67F1-4930-918E-778082F3D5D0}.Debug|Any CPU.Build.0 = Debug|Any CPU
		{04E59B5D-67F1-4930-918E-778082F3D5D0}.Release|Any CPU.ActiveCfg = Release|Any CPU
		{04E59B5D-67F1-4930-918E-778082F3D5D0}.Release|Any CPU.Build.0 = Release|Any CPU
		{70A810F6-4A6B-476A-9AB5-02D8459DE96B}.Debug|Any CPU.ActiveCfg = Debug|Any CPU
		{70A810F6-4A6B-476A-9AB5-02D8459DE96B}.Debug|Any CPU.Build.0 = Debug|Any CPU
		{70A810F6-4A6B-476A-9AB5-02D8459DE96B}.Release|Any CPU.ActiveCfg = Release|Any CPU
		{70A810F6-4A6B-476A-9AB5-02D8459DE96B}.Release|Any CPU.Build.0 = Release|Any CPU
		{0AD87101-3315-4150-B281-4896B87739EC}.Debug|Any CPU.ActiveCfg = Debug|Any CPU
		{0AD87101-3315-4150-B281-4896B87739EC}.Debug|Any CPU.Build.0 = Debug|Any CPU
		{0AD87101-3315-4150-B281-4896B87739EC}.Release|Any CPU.ActiveCfg = Release|Any CPU
		{0AD87101-3315-4150-B281-4896B87739EC}.Release|Any CPU.Build.0 = Release|Any CPU
		{13F1E531-5536-4954-BE0C-8D1B0FF8BC11}.Debug|Any CPU.ActiveCfg = Debug|Any CPU
		{13F1E531-5536-4954-BE0C-8D1B0FF8BC11}.Debug|Any CPU.Build.0 = Debug|Any CPU
		{13F1E531-5536-4954-BE0C-8D1B0FF8BC11}.Release|Any CPU.ActiveCfg = Release|Any CPU
		{13F1E531-5536-4954-BE0C-8D1B0FF8BC11}.Release|Any CPU.Build.0 = Release|Any CPU
		{43B4AD72-4F62-40F3-8329-23A2B9280E4A}.Debug|Any CPU.ActiveCfg = Debug|Any CPU
		{43B4AD72-4F62-40F3-8329-23A2B9280E4A}.Debug|Any CPU.Build.0 = Debug|Any CPU
		{43B4AD72-4F62-40F3-8329-23A2B9280E4A}.Release|Any CPU.ActiveCfg = Release|Any CPU
		{43B4AD72-4F62-40F3-8329-23A2B9280E4A}.Release|Any CPU.Build.0 = Release|Any CPU
		{189969E5-F090-46C9-9F2E-CF096A9A9628}.Debug|Any CPU.ActiveCfg = Debug|Any CPU
		{189969E5-F090-46C9-9F2E-CF096A9A9628}.Debug|Any CPU.Build.0 = Debug|Any CPU
		{189969E5-F090-46C9-9F2E-CF096A9A9628}.Release|Any CPU.ActiveCfg = Release|Any CPU
		{189969E5-F090-46C9-9F2E-CF096A9A9628}.Release|Any CPU.Build.0 = Release|Any CPU
		{BDBB2416-850A-492D-8B48-2132C21D895C}.Debug|Any CPU.ActiveCfg = Debug|Any CPU
		{BDBB2416-850A-492D-8B48-2132C21D895C}.Debug|Any CPU.Build.0 = Debug|Any CPU
		{BDBB2416-850A-492D-8B48-2132C21D895C}.Release|Any CPU.ActiveCfg = Release|Any CPU
		{BDBB2416-850A-492D-8B48-2132C21D895C}.Release|Any CPU.Build.0 = Release|Any CPU
		{2BF341A8-5729-4CA0-8F2A-92C8EDEC7964}.Debug|Any CPU.ActiveCfg = Debug|Any CPU
		{2BF341A8-5729-4CA0-8F2A-92C8EDEC7964}.Debug|Any CPU.Build.0 = Debug|Any CPU
		{2BF341A8-5729-4CA0-8F2A-92C8EDEC7964}.Release|Any CPU.ActiveCfg = Release|Any CPU
		{2BF341A8-5729-4CA0-8F2A-92C8EDEC7964}.Release|Any CPU.Build.0 = Release|Any CPU
		{F76D5914-4E39-4FCB-8A5D-029A9780DA65}.Debug|Any CPU.ActiveCfg = Debug|Any CPU
		{F76D5914-4E39-4FCB-8A5D-029A9780DA65}.Debug|Any CPU.Build.0 = Debug|Any CPU
		{F76D5914-4E39-4FCB-8A5D-029A9780DA65}.Release|Any CPU.ActiveCfg = Release|Any CPU
		{F76D5914-4E39-4FCB-8A5D-029A9780DA65}.Release|Any CPU.Build.0 = Release|Any CPU
	EndGlobalSection
	GlobalSection(SolutionProperties) = preSolution
		HideSolutionNode = FALSE
	EndGlobalSection
	GlobalSection(NestedProjects) = preSolution
		{78C809FD-145F-480F-8EF1-34F2DCEDDD03} = {16E9E029-BBD5-4A3A-AEF5-37D1F92D97C2}
		{E7089839-C048-473F-9F9D-9FED7B878DA6} = {963A3060-46BA-4F6E-912C-9FAE64EE6F56}
		{483B637E-038A-40FF-A78F-25DEB9907968} = {963A3060-46BA-4F6E-912C-9FAE64EE6F56}
		{B5A8ABA6-F55D-4709-91D4-017B1962D12F} = {E7089839-C048-473F-9F9D-9FED7B878DA6}
		{7BE97107-1D0D-4638-BA89-104D4B0B065D} = {E7089839-C048-473F-9F9D-9FED7B878DA6}
		{B0B79194-1A04-4F03-8982-07D0CF135CCA} = {E7089839-C048-473F-9F9D-9FED7B878DA6}
		{18118A13-A101-4105-95CC-E48FD447C93D} = {E7089839-C048-473F-9F9D-9FED7B878DA6}
		{C2B6A4DB-367B-47C2-B4DC-1F204CEDE363} = {E7089839-C048-473F-9F9D-9FED7B878DA6}
		{A0CDD218-22AB-4083-B84E-3B1AA7698FA9} = {E7089839-C048-473F-9F9D-9FED7B878DA6}
		{6AF310B5-377F-4059-AA24-E7127D77B639} = {E7089839-C048-473F-9F9D-9FED7B878DA6}
		{60F91C40-4C9A-4F4F-BB55-D386C9DB3A92} = {E7089839-C048-473F-9F9D-9FED7B878DA6}
		{A7718785-6A7E-4F88-8441-6968ABBE454A} = {E7089839-C048-473F-9F9D-9FED7B878DA6}
		{917DD606-FD70-45A5-AA4B-D343D16412EA} = {483B637E-038A-40FF-A78F-25DEB9907968}
		{399DFC8B-1D90-41EA-8F6C-658D2E1328BC} = {483B637E-038A-40FF-A78F-25DEB9907968}
		{881A1AA8-93F1-471F-91D1-5EC91E144C97} = {483B637E-038A-40FF-A78F-25DEB9907968}
		{2C7BE86C-E061-410F-BB55-B645FF59076A} = {483B637E-038A-40FF-A78F-25DEB9907968}
		{243AF1F2-370F-494D-B7F9-0899FB302097} = {483B637E-038A-40FF-A78F-25DEB9907968}
		{A9A6D43F-12BA-4C4E-A448-4145E73CCFAD} = {963A3060-46BA-4F6E-912C-9FAE64EE6F56}
		{CDEA3FC5-D775-4F28-B230-EE55FCE43C76} = {A9A6D43F-12BA-4C4E-A448-4145E73CCFAD}
		{F33729DA-DC2C-4DC8-ADAB-621ED6A1C5CF} = {963A3060-46BA-4F6E-912C-9FAE64EE6F56}
		{DAABEE71-A330-4C2B-8DF7-A8094666E7A0} = {F33729DA-DC2C-4DC8-ADAB-621ED6A1C5CF}
		{04E59B5D-67F1-4930-918E-778082F3D5D0} = {F33729DA-DC2C-4DC8-ADAB-621ED6A1C5CF}
		{70A810F6-4A6B-476A-9AB5-02D8459DE96B} = {F33729DA-DC2C-4DC8-ADAB-621ED6A1C5CF}
		{0AD87101-3315-4150-B281-4896B87739EC} = {F33729DA-DC2C-4DC8-ADAB-621ED6A1C5CF}
		{8A6FA9F8-1613-4D80-9611-8CD597CDBAAC} = {963A3060-46BA-4F6E-912C-9FAE64EE6F56}
		{13F1E531-5536-4954-BE0C-8D1B0FF8BC11} = {8A6FA9F8-1613-4D80-9611-8CD597CDBAAC}
		{43B4AD72-4F62-40F3-8329-23A2B9280E4A} = {8A6FA9F8-1613-4D80-9611-8CD597CDBAAC}
		{189969E5-F090-46C9-9F2E-CF096A9A9628} = {8A6FA9F8-1613-4D80-9611-8CD597CDBAAC}
		{BDBB2416-850A-492D-8B48-2132C21D895C} = {8A6FA9F8-1613-4D80-9611-8CD597CDBAAC}
		{2BF341A8-5729-4CA0-8F2A-92C8EDEC7964} = {8A6FA9F8-1613-4D80-9611-8CD597CDBAAC}
		{F76D5914-4E39-4FCB-8A5D-029A9780DA65} = {F33729DA-DC2C-4DC8-ADAB-621ED6A1C5CF}
	EndGlobalSection
	GlobalSection(ExtensibilityGlobals) = postSolution
		SolutionGuid = {6B5B0EC9-9BE3-4F7C-A040-6ADAFB91BEC8}
	EndGlobalSection
EndGlobal
