
Microsoft Visual Studio Solution File, Format Version 12.00
# Visual Studio Version 16
VisualStudioVersion = 16.0.29926.136
MinimumVisualStudioVersion = 10.0.40219.1
Project("{2150E333-8FDC-42A3-9474-1A3956D46DE8}") = "src", "src", "{963A3060-46BA-4F6E-912C-9FAE64EE6F56}"
EndProject
Project("{9A19103F-16F7-4668-BE54-9A1E7A4F7556}") = "Inventory", "src\Inventory\Inventory.csproj", "{982366C0-E775-4F00-8240-EBCC7688184C}"
EndProject
Project("{9A19103F-16F7-4668-BE54-9A1E7A4F7556}") = "Inventory.Test", "tests\Inventory.Test\Inventory.Test.csproj", "{78C809FD-145F-480F-8EF1-34F2DCEDDD03}"
EndProject
Project("{2150E333-8FDC-42A3-9474-1A3956D46DE8}") = "tests", "tests", "{16E9E029-BBD5-4A3A-AEF5-37D1F92D97C2}"
EndProject
Global
	GlobalSection(SolutionConfigurationPlatforms) = preSolution
		Debug|Any CPU = Debug|Any CPU
		Release|Any CPU = Release|Any CPU
	EndGlobalSection
	GlobalSection(ProjectConfigurationPlatforms) = postSolution
		{982366C0-E775-4F00-8240-EBCC7688184C}.Debug|Any CPU.ActiveCfg = Debug|Any CPU
		{982366C0-E775-4F00-8240-EBCC7688184C}.Debug|Any CPU.Build.0 = Debug|Any CPU
		{982366C0-E775-4F00-8240-EBCC7688184C}.Release|Any CPU.ActiveCfg = Release|Any CPU
		{982366C0-E775-4F00-8240-EBCC7688184C}.Release|Any CPU.Build.0 = Release|Any CPU
		{78C809FD-145F-480F-8EF1-34F2DCEDDD03}.Debug|Any CPU.ActiveCfg = Debug|Any CPU
		{78C809FD-145F-480F-8EF1-34F2DCEDDD03}.Debug|Any CPU.Build.0 = Debug|Any CPU
		{78C809FD-145F-480F-8EF1-34F2DCEDDD03}.Release|Any CPU.ActiveCfg = Release|Any CPU
		{78C809FD-145F-480F-8EF1-34F2DCEDDD03}.Release|Any CPU.Build.0 = Release|Any CPU
	EndGlobalSection
	GlobalSection(SolutionProperties) = preSolution
		HideSolutionNode = FALSE
	EndGlobalSection
	GlobalSection(NestedProjects) = preSolution
		{982366C0-E775-4F00-8240-EBCC7688184C} = {963A3060-46BA-4F6E-912C-9FAE64EE6F56}
		{78C809FD-145F-480F-8EF1-34F2DCEDDD03} = {16E9E029-BBD5-4A3A-AEF5-37D1F92D97C2}
	EndGlobalSection
	GlobalSection(ExtensibilityGlobals) = postSolution
		SolutionGuid = {6B5B0EC9-9BE3-4F7C-A040-6ADAFB91BEC8}
	EndGlobalSection
EndGlobal
